
Microsoft Visual Studio Solution File, Format Version 12.00
# Visual Studio 2013
VisualStudioVersion = 12.0.31101.0
MinimumVisualStudioVersion = 10.0.40219.1
Project("{FAE04EC0-301F-11D3-BF4B-00C04F79EFBC}") = "SudokuSolver", "SudokuSolver\SudokuSolver.csproj", "{5D9E8E1E-ACB1-4D31-B758-E7667CF6CE74}"
EndProject
Project("{FAE04EC0-301F-11D3-BF4B-00C04F79EFBC}") = "ToolBox", "ToolBox\ToolBox.csproj", "{641E4815-B2CB-47D1-B549-9B0CF9D2DA0D}"
EndProject
Global
	GlobalSection(TeamFoundationVersionControl) = preSolution
		SccNumberOfProjects = 3
		SccEnterpriseProvider = {4CA58AB2-18FA-4F8D-95D4-32DDF27D184C}
		SccTeamFoundationServer = https://jacobtfeld.visualstudio.com/defaultcollection
		SccLocalPath0 = .
		SccProjectUniqueName1 = SudokuSolver\\SudokuSolver.csproj
		SccProjectName1 = SudokuSolver
		SccLocalPath1 = SudokuSolver
		SccProjectUniqueName2 = ToolBox\\ToolBox.csproj
		SccProjectName2 = ToolBox
		SccLocalPath2 = ToolBox
	EndGlobalSection
	GlobalSection(SolutionConfigurationPlatforms) = preSolution
		Debug|Any CPU = Debug|Any CPU
		Release|Any CPU = Release|Any CPU
	EndGlobalSection
	GlobalSection(ProjectConfigurationPlatforms) = postSolution
		{5D9E8E1E-ACB1-4D31-B758-E7667CF6CE74}.Debug|Any CPU.ActiveCfg = Debug|Any CPU
		{5D9E8E1E-ACB1-4D31-B758-E7667CF6CE74}.Debug|Any CPU.Build.0 = Debug|Any CPU
		{5D9E8E1E-ACB1-4D31-B758-E7667CF6CE74}.Release|Any CPU.ActiveCfg = Release|Any CPU
		{5D9E8E1E-ACB1-4D31-B758-E7667CF6CE74}.Release|Any CPU.Build.0 = Release|Any CPU
		{641E4815-B2CB-47D1-B549-9B0CF9D2DA0D}.Debug|Any CPU.ActiveCfg = Debug|Any CPU
		{641E4815-B2CB-47D1-B549-9B0CF9D2DA0D}.Debug|Any CPU.Build.0 = Debug|Any CPU
		{641E4815-B2CB-47D1-B549-9B0CF9D2DA0D}.Release|Any CPU.ActiveCfg = Release|Any CPU
		{641E4815-B2CB-47D1-B549-9B0CF9D2DA0D}.Release|Any CPU.Build.0 = Release|Any CPU
	EndGlobalSection
	GlobalSection(SolutionProperties) = preSolution
		HideSolutionNode = FALSE
	EndGlobalSection
EndGlobal
